// !$*UTF8*$!
{
	archiveVersion = 1;
	classes = {
	};
	objectVersion = 56;
	objects = {

/* Begin PBXBuildFile section */
		6B31C85C2C192208009BE09C /* AppetizersApp.swift in Sources */ = {isa = PBXBuildFile; fileRef = 6B31C85B2C192208009BE09C /* AppetizersApp.swift */; };
		6B31C85E2C192208009BE09C /* AppetizerTabView.swift in Sources */ = {isa = PBXBuildFile; fileRef = 6B31C85D2C192208009BE09C /* AppetizerTabView.swift */; };
		6B31C8602C192209009BE09C /* Assets.xcassets in Resources */ = {isa = PBXBuildFile; fileRef = 6B31C85F2C192209009BE09C /* Assets.xcassets */; };
		6B31C8632C192209009BE09C /* Preview Assets.xcassets in Resources */ = {isa = PBXBuildFile; fileRef = 6B31C8622C192209009BE09C /* Preview Assets.xcassets */; };
		6B31C86A2C1922C7009BE09C /* AppetizerListView.swift in Sources */ = {isa = PBXBuildFile; fileRef = 6B31C8692C1922C7009BE09C /* AppetizerListView.swift */; };
		6B31C86C2C1922D7009BE09C /* AccountView.swift in Sources */ = {isa = PBXBuildFile; fileRef = 6B31C86B2C1922D7009BE09C /* AccountView.swift */; };
		6B31C86E2C1922E5009BE09C /* OrderView.swift in Sources */ = {isa = PBXBuildFile; fileRef = 6B31C86D2C1922E5009BE09C /* OrderView.swift */; };
		6B31C8702C193128009BE09C /* Appetizer.swift in Sources */ = {isa = PBXBuildFile; fileRef = 6B31C86F2C193128009BE09C /* Appetizer.swift */; };
		6B31C8722C193861009BE09C /* AppetizerListCell.swift in Sources */ = {isa = PBXBuildFile; fileRef = 6B31C8712C193861009BE09C /* AppetizerListCell.swift */; };
		6B31C8742C194457009BE09C /* NetworkManager.swift in Sources */ = {isa = PBXBuildFile; fileRef = 6B31C8732C194457009BE09C /* NetworkManager.swift */; };
		6B31C8762C194625009BE09C /* APError.swift in Sources */ = {isa = PBXBuildFile; fileRef = 6B31C8752C194625009BE09C /* APError.swift */; };
		6B31C8782C195B8D009BE09C /* AppetizerListViewModel.swift in Sources */ = {isa = PBXBuildFile; fileRef = 6B31C8772C195B8D009BE09C /* AppetizerListViewModel.swift */; };
		6B31C87A2C195F6A009BE09C /* Alert.swift in Sources */ = {isa = PBXBuildFile; fileRef = 6B31C8792C195F6A009BE09C /* Alert.swift */; };
		6B31C87C2C1971BC009BE09C /* LoadingView.swift in Sources */ = {isa = PBXBuildFile; fileRef = 6B31C87B2C1971BC009BE09C /* LoadingView.swift */; };
		6B31C87E2C19819A009BE09C /* RemoteImage.swift in Sources */ = {isa = PBXBuildFile; fileRef = 6B31C87D2C198199009BE09C /* RemoteImage.swift */; };
		6B31C88D2C198CCA009BE09C /* AppetizerDetailView.swift in Sources */ = {isa = PBXBuildFile; fileRef = 6B31C88C2C198CCA009BE09C /* AppetizerDetailView.swift */; };
		6B31C8902C1AD51D009BE09C /* APButton.swift in Sources */ = {isa = PBXBuildFile; fileRef = 6B31C88F2C1AD51D009BE09C /* APButton.swift */; };
		6B31C8922C1AD6A2009BE09C /* XDismissButton.swift in Sources */ = {isa = PBXBuildFile; fileRef = 6B31C8912C1AD6A2009BE09C /* XDismissButton.swift */; };
		6BAA06632C1AE1F00080EC66 /* AccountViewModel.swift in Sources */ = {isa = PBXBuildFile; fileRef = 6BAA06622C1AE1F00080EC66 /* AccountViewModel.swift */; };
		6BAA06652C1AE43F0080EC66 /* String+Ext.swift in Sources */ = {isa = PBXBuildFile; fileRef = 6BAA06642C1AE43F0080EC66 /* String+Ext.swift */; };
		6BAA066A2C1AECB10080EC66 /* User.swift in Sources */ = {isa = PBXBuildFile; fileRef = 6BAA06692C1AECB10080EC66 /* User.swift */; };
		6BAA066D2C1BD4870080EC66 /* EmptyState.swift in Sources */ = {isa = PBXBuildFile; fileRef = 6BAA066C2C1BD4870080EC66 /* EmptyState.swift */; };
/* End PBXBuildFile section */

/* Begin PBXFileReference section */
		6B31C8582C192208009BE09C /* Appetizers.app */ = {isa = PBXFileReference; explicitFileType = wrapper.application; includeInIndex = 0; path = Appetizers.app; sourceTree = BUILT_PRODUCTS_DIR; };
		6B31C85B2C192208009BE09C /* AppetizersApp.swift */ = {isa = PBXFileReference; lastKnownFileType = sourcecode.swift; path = AppetizersApp.swift; sourceTree = "<group>"; };
		6B31C85D2C192208009BE09C /* AppetizerTabView.swift */ = {isa = PBXFileReference; lastKnownFileType = sourcecode.swift; path = AppetizerTabView.swift; sourceTree = "<group>"; };
		6B31C85F2C192209009BE09C /* Assets.xcassets */ = {isa = PBXFileReference; lastKnownFileType = folder.assetcatalog; path = Assets.xcassets; sourceTree = "<group>"; };
		6B31C8622C192209009BE09C /* Preview Assets.xcassets */ = {isa = PBXFileReference; lastKnownFileType = folder.assetcatalog; path = "Preview Assets.xcassets"; sourceTree = "<group>"; };
		6B31C8692C1922C7009BE09C /* AppetizerListView.swift */ = {isa = PBXFileReference; lastKnownFileType = sourcecode.swift; path = AppetizerListView.swift; sourceTree = "<group>"; };
		6B31C86B2C1922D7009BE09C /* AccountView.swift */ = {isa = PBXFileReference; lastKnownFileType = sourcecode.swift; path = AccountView.swift; sourceTree = "<group>"; };
		6B31C86D2C1922E5009BE09C /* OrderView.swift */ = {isa = PBXFileReference; lastKnownFileType = sourcecode.swift; path = OrderView.swift; sourceTree = "<group>"; };
		6B31C86F2C193128009BE09C /* Appetizer.swift */ = {isa = PBXFileReference; lastKnownFileType = sourcecode.swift; path = Appetizer.swift; sourceTree = "<group>"; };
		6B31C8712C193861009BE09C /* AppetizerListCell.swift */ = {isa = PBXFileReference; lastKnownFileType = sourcecode.swift; path = AppetizerListCell.swift; sourceTree = "<group>"; };
		6B31C8732C194457009BE09C /* NetworkManager.swift */ = {isa = PBXFileReference; lastKnownFileType = sourcecode.swift; path = NetworkManager.swift; sourceTree = "<group>"; };
		6B31C8752C194625009BE09C /* APError.swift */ = {isa = PBXFileReference; lastKnownFileType = sourcecode.swift; path = APError.swift; sourceTree = "<group>"; };
		6B31C8772C195B8D009BE09C /* AppetizerListViewModel.swift */ = {isa = PBXFileReference; lastKnownFileType = sourcecode.swift; path = AppetizerListViewModel.swift; sourceTree = "<group>"; };
		6B31C8792C195F6A009BE09C /* Alert.swift */ = {isa = PBXFileReference; lastKnownFileType = sourcecode.swift; path = Alert.swift; sourceTree = "<group>"; };
		6B31C87B2C1971BC009BE09C /* LoadingView.swift */ = {isa = PBXFileReference; lastKnownFileType = sourcecode.swift; path = LoadingView.swift; sourceTree = "<group>"; };
		6B31C87D2C198199009BE09C /* RemoteImage.swift */ = {isa = PBXFileReference; lastKnownFileType = sourcecode.swift; path = RemoteImage.swift; sourceTree = "<group>"; };
		6B31C88C2C198CCA009BE09C /* AppetizerDetailView.swift */ = {isa = PBXFileReference; lastKnownFileType = sourcecode.swift; path = AppetizerDetailView.swift; sourceTree = "<group>"; };
		6B31C88F2C1AD51D009BE09C /* APButton.swift */ = {isa = PBXFileReference; lastKnownFileType = sourcecode.swift; path = APButton.swift; sourceTree = "<group>"; };
		6B31C8912C1AD6A2009BE09C /* XDismissButton.swift */ = {isa = PBXFileReference; lastKnownFileType = sourcecode.swift; path = XDismissButton.swift; sourceTree = "<group>"; };
		6BAA06622C1AE1F00080EC66 /* AccountViewModel.swift */ = {isa = PBXFileReference; lastKnownFileType = sourcecode.swift; path = AccountViewModel.swift; sourceTree = "<group>"; };
		6BAA06642C1AE43F0080EC66 /* String+Ext.swift */ = {isa = PBXFileReference; fileEncoding = 4; lastKnownFileType = sourcecode.swift; path = "String+Ext.swift"; sourceTree = "<group>"; };
		6BAA06692C1AECB10080EC66 /* User.swift */ = {isa = PBXFileReference; lastKnownFileType = sourcecode.swift; path = User.swift; sourceTree = "<group>"; };
		6BAA066C2C1BD4870080EC66 /* EmptyState.swift */ = {isa = PBXFileReference; lastKnownFileType = sourcecode.swift; path = EmptyState.swift; sourceTree = "<group>"; };
/* End PBXFileReference section */

/* Begin PBXFrameworksBuildPhase section */
		6B31C8552C192208009BE09C /* Frameworks */ = {
			isa = PBXFrameworksBuildPhase;
			buildActionMask = 2147483647;
			files = (
			);
			runOnlyForDeploymentPostprocessing = 0;
		};
/* End PBXFrameworksBuildPhase section */

/* Begin PBXGroup section */
		6B31C84F2C192208009BE09C = {
			isa = PBXGroup;
			children = (
				6B31C85A2C192208009BE09C /* Appetizers */,
				6B31C8592C192208009BE09C /* Products */,
			);
			sourceTree = "<group>";
		};
		6B31C8592C192208009BE09C /* Products */ = {
			isa = PBXGroup;
			children = (
				6B31C8582C192208009BE09C /* Appetizers.app */,
			);
			name = Products;
			sourceTree = "<group>";
		};
		6B31C85A2C192208009BE09C /* Appetizers */ = {
			isa = PBXGroup;
			children = (
				6B31C85B2C192208009BE09C /* AppetizersApp.swift */,
				6B31C8882C198A7B009BE09C /* Views */,
				6B31C8872C198A2F009BE09C /* Model */,
				6B31C8832C1989AC009BE09C /* Utilizers */,
				6B31C87F2C19891C009BE09C /* Screens */,
				6B31C85F2C192209009BE09C /* Assets.xcassets */,
				6B31C8612C192209009BE09C /* Preview Content */,
			);
			path = Appetizers;
			sourceTree = "<group>";
		};
		6B31C8612C192209009BE09C /* Preview Content */ = {
			isa = PBXGroup;
			children = (
				6B31C8622C192209009BE09C /* Preview Assets.xcassets */,
			);
			path = "Preview Content";
			sourceTree = "<group>";
		};
		6B31C87F2C19891C009BE09C /* Screens */ = {
			isa = PBXGroup;
			children = (
				6B31C85D2C192208009BE09C /* AppetizerTabView.swift */,
				6B31C8802C198930009BE09C /* AppetizerListView */,
				6B31C8812C198947009BE09C /* AccountView */,
				6B31C8822C19894B009BE09C /* OrderView */,
			);
			path = Screens;
			sourceTree = "<group>";
		};
		6B31C8802C198930009BE09C /* AppetizerListView */ = {
			isa = PBXGroup;
			children = (
				6B31C8772C195B8D009BE09C /* AppetizerListViewModel.swift */,
				6B31C8692C1922C7009BE09C /* AppetizerListView.swift */,
				6B31C88C2C198CCA009BE09C /* AppetizerDetailView.swift */,
			);
			path = AppetizerListView;
			sourceTree = "<group>";
		};
		6B31C8812C198947009BE09C /* AccountView */ = {
			isa = PBXGroup;
			children = (
				6BAA06622C1AE1F00080EC66 /* AccountViewModel.swift */,
				6B31C86B2C1922D7009BE09C /* AccountView.swift */,
			);
			path = AccountView;
			sourceTree = "<group>";
		};
		6B31C8822C19894B009BE09C /* OrderView */ = {
			isa = PBXGroup;
			children = (
				6B31C86D2C1922E5009BE09C /* OrderView.swift */,
			);
			path = OrderView;
			sourceTree = "<group>";
		};
		6B31C8832C1989AC009BE09C /* Utilizers */ = {
			isa = PBXGroup;
			children = (
				6BAA06662C1AE4420080EC66 /* Extensions */,
				6B31C8862C198A01009BE09C /* Alerts */,
				6B31C8842C1989CD009BE09C /* Managers */,
			);
			path = Utilizers;
			sourceTree = "<group>";
		};
		6B31C8842C1989CD009BE09C /* Managers */ = {
			isa = PBXGroup;
			children = (
				6B31C8732C194457009BE09C /* NetworkManager.swift */,
			);
			path = Managers;
			sourceTree = "<group>";
		};
		6B31C8862C198A01009BE09C /* Alerts */ = {
			isa = PBXGroup;
			children = (
				6B31C8752C194625009BE09C /* APError.swift */,
				6B31C8792C195F6A009BE09C /* Alert.swift */,
			);
			path = Alerts;
			sourceTree = "<group>";
		};
		6B31C8872C198A2F009BE09C /* Model */ = {
			isa = PBXGroup;
			children = (
				6B31C86F2C193128009BE09C /* Appetizer.swift */,
				6BAA06692C1AECB10080EC66 /* User.swift */,
			);
			path = Model;
			sourceTree = "<group>";
		};
		6B31C8882C198A7B009BE09C /* Views */ = {
			isa = PBXGroup;
			children = (
				6BAA066B2C1BD46D0080EC66 /* Empty States */,
				6B31C88E2C1AD513009BE09C /* Buttons */,
				6B31C88B2C198AA8009BE09C /* Image */,
				6B31C88A2C198A9F009BE09C /* Cells */,
				6B31C8892C198A91009BE09C /* UIKit Components */,
			);
			path = Views;
			sourceTree = "<group>";
		};
		6B31C8892C198A91009BE09C /* UIKit Components */ = {
			isa = PBXGroup;
			children = (
				6B31C87B2C1971BC009BE09C /* LoadingView.swift */,
			);
			path = "UIKit Components";
			sourceTree = "<group>";
		};
		6B31C88A2C198A9F009BE09C /* Cells */ = {
			isa = PBXGroup;
			children = (
				6B31C8712C193861009BE09C /* AppetizerListCell.swift */,
			);
			path = Cells;
			sourceTree = "<group>";
		};
		6B31C88B2C198AA8009BE09C /* Image */ = {
			isa = PBXGroup;
			children = (
				6B31C87D2C198199009BE09C /* RemoteImage.swift */,
			);
			path = Image;
			sourceTree = "<group>";
		};
		6B31C88E2C1AD513009BE09C /* Buttons */ = {
			isa = PBXGroup;
			children = (
				6B31C88F2C1AD51D009BE09C /* APButton.swift */,
				6B31C8912C1AD6A2009BE09C /* XDismissButton.swift */,
			);
			path = Buttons;
			sourceTree = "<group>";
		};
		6BAA06662C1AE4420080EC66 /* Extensions */ = {
			isa = PBXGroup;
			children = (
				6BAA06642C1AE43F0080EC66 /* String+Ext.swift */,
			);
			path = Extensions;
			sourceTree = "<group>";
		};
		6BAA066B2C1BD46D0080EC66 /* Empty States */ = {
			isa = PBXGroup;
			children = (
				6BAA066C2C1BD4870080EC66 /* EmptyState.swift */,
			);
			path = "Empty States";
			sourceTree = "<group>";
		};
/* End PBXGroup section */

/* Begin PBXNativeTarget section */
		6B31C8572C192208009BE09C /* Appetizers */ = {
			isa = PBXNativeTarget;
			buildConfigurationList = 6B31C8662C192209009BE09C /* Build configuration list for PBXNativeTarget "Appetizers" */;
			buildPhases = (
				6B31C8542C192208009BE09C /* Sources */,
				6B31C8552C192208009BE09C /* Frameworks */,
				6B31C8562C192208009BE09C /* Resources */,
			);
			buildRules = (
			);
			dependencies = (
			);
			name = Appetizers;
			productName = Appetizers;
			productReference = 6B31C8582C192208009BE09C /* Appetizers.app */;
			productType = "com.apple.product-type.application";
		};
/* End PBXNativeTarget section */

/* Begin PBXProject section */
		6B31C8502C192208009BE09C /* Project object */ = {
			isa = PBXProject;
			attributes = {
				BuildIndependentTargetsInParallel = 1;
				LastSwiftUpdateCheck = 1540;
				LastUpgradeCheck = 1540;
				TargetAttributes = {
					6B31C8572C192208009BE09C = {
						CreatedOnToolsVersion = 15.4;
					};
				};
			};
			buildConfigurationList = 6B31C8532C192208009BE09C /* Build configuration list for PBXProject "Appetizers" */;
			compatibilityVersion = "Xcode 14.0";
			developmentRegion = en;
			hasScannedForEncodings = 0;
			knownRegions = (
				en,
				Base,
			);
			mainGroup = 6B31C84F2C192208009BE09C;
			productRefGroup = 6B31C8592C192208009BE09C /* Products */;
			projectDirPath = "";
			projectRoot = "";
			targets = (
				6B31C8572C192208009BE09C /* Appetizers */,
			);
		};
/* End PBXProject section */

/* Begin PBXResourcesBuildPhase section */
		6B31C8562C192208009BE09C /* Resources */ = {
			isa = PBXResourcesBuildPhase;
			buildActionMask = 2147483647;
			files = (
				6B31C8632C192209009BE09C /* Preview Assets.xcassets in Resources */,
				6B31C8602C192209009BE09C /* Assets.xcassets in Resources */,
			);
			runOnlyForDeploymentPostprocessing = 0;
		};
/* End PBXResourcesBuildPhase section */

/* Begin PBXSourcesBuildPhase section */
		6B31C8542C192208009BE09C /* Sources */ = {
			isa = PBXSourcesBuildPhase;
			buildActionMask = 2147483647;
			files = (
				6BAA06652C1AE43F0080EC66 /* String+Ext.swift in Sources */,
				6B31C8702C193128009BE09C /* Appetizer.swift in Sources */,
				6B31C8762C194625009BE09C /* APError.swift in Sources */,
				6B31C86C2C1922D7009BE09C /* AccountView.swift in Sources */,
				6B31C8902C1AD51D009BE09C /* APButton.swift in Sources */,
				6B31C8782C195B8D009BE09C /* AppetizerListViewModel.swift in Sources */,
				6B31C85E2C192208009BE09C /* AppetizerTabView.swift in Sources */,
				6BAA066D2C1BD4870080EC66 /* EmptyState.swift in Sources */,
				6B31C87C2C1971BC009BE09C /* LoadingView.swift in Sources */,
				6B31C87E2C19819A009BE09C /* RemoteImage.swift in Sources */,
				6B31C85C2C192208009BE09C /* AppetizersApp.swift in Sources */,
				6B31C88D2C198CCA009BE09C /* AppetizerDetailView.swift in Sources */,
				6B31C8742C194457009BE09C /* NetworkManager.swift in Sources */,
				6B31C8722C193861009BE09C /* AppetizerListCell.swift in Sources */,
				6B31C87A2C195F6A009BE09C /* Alert.swift in Sources */,
				6B31C86A2C1922C7009BE09C /* AppetizerListView.swift in Sources */,
				6B31C86E2C1922E5009BE09C /* OrderView.swift in Sources */,
				6BAA06632C1AE1F00080EC66 /* AccountViewModel.swift in Sources */,
				6B31C8922C1AD6A2009BE09C /* XDismissButton.swift in Sources */,
				6BAA066A2C1AECB10080EC66 /* User.swift in Sources */,
			);
			runOnlyForDeploymentPostprocessing = 0;
		};
/* End PBXSourcesBuildPhase section */

/* Begin XCBuildConfiguration section */
		6B31C8642C192209009BE09C /* Debug */ = {
			isa = XCBuildConfiguration;
			buildSettings = {
				ALWAYS_SEARCH_USER_PATHS = NO;
				ASSETCATALOG_COMPILER_GENERATE_SWIFT_ASSET_SYMBOL_EXTENSIONS = YES;
				CLANG_ANALYZER_NONNULL = YES;
				CLANG_ANALYZER_NUMBER_OBJECT_CONVERSION = YES_AGGRESSIVE;
				CLANG_CXX_LANGUAGE_STANDARD = "gnu++20";
				CLANG_ENABLE_MODULES = YES;
				CLANG_ENABLE_OBJC_ARC = YES;
				CLANG_ENABLE_OBJC_WEAK = YES;
				CLANG_WARN_BLOCK_CAPTURE_AUTORELEASING = YES;
				CLANG_WARN_BOOL_CONVERSION = YES;
				CLANG_WARN_COMMA = YES;
				CLANG_WARN_CONSTANT_CONVERSION = YES;
				CLANG_WARN_DEPRECATED_OBJC_IMPLEMENTATIONS = YES;
				CLANG_WARN_DIRECT_OBJC_ISA_USAGE = YES_ERROR;
				CLANG_WARN_DOCUMENTATION_COMMENTS = YES;
				CLANG_WARN_EMPTY_BODY = YES;
				CLANG_WARN_ENUM_CONVERSION = YES;
				CLANG_WARN_INFINITE_RECURSION = YES;
				CLANG_WARN_INT_CONVERSION = YES;
				CLANG_WARN_NON_LITERAL_NULL_CONVERSION = YES;
				CLANG_WARN_OBJC_IMPLICIT_RETAIN_SELF = YES;
				CLANG_WARN_OBJC_LITERAL_CONVERSION = YES;
				CLANG_WARN_OBJC_ROOT_CLASS = YES_ERROR;
				CLANG_WARN_QUOTED_INCLUDE_IN_FRAMEWORK_HEADER = YES;
				CLANG_WARN_RANGE_LOOP_ANALYSIS = YES;
				CLANG_WARN_STRICT_PROTOTYPES = YES;
				CLANG_WARN_SUSPICIOUS_MOVE = YES;
				CLANG_WARN_UNGUARDED_AVAILABILITY = YES_AGGRESSIVE;
				CLANG_WARN_UNREACHABLE_CODE = YES;
				CLANG_WARN__DUPLICATE_METHOD_MATCH = YES;
				COPY_PHASE_STRIP = NO;
				DEBUG_INFORMATION_FORMAT = dwarf;
				ENABLE_STRICT_OBJC_MSGSEND = YES;
				ENABLE_TESTABILITY = YES;
				ENABLE_USER_SCRIPT_SANDBOXING = YES;
				GCC_C_LANGUAGE_STANDARD = gnu17;
				GCC_DYNAMIC_NO_PIC = NO;
				GCC_NO_COMMON_BLOCKS = YES;
				GCC_OPTIMIZATION_LEVEL = 0;
				GCC_PREPROCESSOR_DEFINITIONS = (
					"DEBUG=1",
					"$(inherited)",
				);
				GCC_WARN_64_TO_32_BIT_CONVERSION = YES;
				GCC_WARN_ABOUT_RETURN_TYPE = YES_ERROR;
				GCC_WARN_UNDECLARED_SELECTOR = YES;
				GCC_WARN_UNINITIALIZED_AUTOS = YES_AGGRESSIVE;
				GCC_WARN_UNUSED_FUNCTION = YES;
				GCC_WARN_UNUSED_VARIABLE = YES;
				IPHONEOS_DEPLOYMENT_TARGET = 17.5;
				LOCALIZATION_PREFERS_STRING_CATALOGS = YES;
				MTL_ENABLE_DEBUG_INFO = INCLUDE_SOURCE;
				MTL_FAST_MATH = YES;
				ONLY_ACTIVE_ARCH = YES;
				SDKROOT = iphoneos;
				SWIFT_ACTIVE_COMPILATION_CONDITIONS = "DEBUG $(inherited)";
				SWIFT_OPTIMIZATION_LEVEL = "-Onone";
			};
			name = Debug;
		};
		6B31C8652C192209009BE09C /* Release */ = {
			isa = XCBuildConfiguration;
			buildSettings = {
				ALWAYS_SEARCH_USER_PATHS = NO;
				ASSETCATALOG_COMPILER_GENERATE_SWIFT_ASSET_SYMBOL_EXTENSIONS = YES;
				CLANG_ANALYZER_NONNULL = YES;
				CLANG_ANALYZER_NUMBER_OBJECT_CONVERSION = YES_AGGRESSIVE;
				CLANG_CXX_LANGUAGE_STANDARD = "gnu++20";
				CLANG_ENABLE_MODULES = YES;
				CLANG_ENABLE_OBJC_ARC = YES;
				CLANG_ENABLE_OBJC_WEAK = YES;
				CLANG_WARN_BLOCK_CAPTURE_AUTORELEASING = YES;
				CLANG_WARN_BOOL_CONVERSION = YES;
				CLANG_WARN_COMMA = YES;
				CLANG_WARN_CONSTANT_CONVERSION = YES;
				CLANG_WARN_DEPRECATED_OBJC_IMPLEMENTATIONS = YES;
				CLANG_WARN_DIRECT_OBJC_ISA_USAGE = YES_ERROR;
				CLANG_WARN_DOCUMENTATION_COMMENTS = YES;
				CLANG_WARN_EMPTY_BODY = YES;
				CLANG_WARN_ENUM_CONVERSION = YES;
				CLANG_WARN_INFINITE_RECURSION = YES;
				CLANG_WARN_INT_CONVERSION = YES;
				CLANG_WARN_NON_LITERAL_NULL_CONVERSION = YES;
				CLANG_WARN_OBJC_IMPLICIT_RETAIN_SELF = YES;
				CLANG_WARN_OBJC_LITERAL_CONVERSION = YES;
				CLANG_WARN_OBJC_ROOT_CLASS = YES_ERROR;
				CLANG_WARN_QUOTED_INCLUDE_IN_FRAMEWORK_HEADER = YES;
				CLANG_WARN_RANGE_LOOP_ANALYSIS = YES;
				CLANG_WARN_STRICT_PROTOTYPES = YES;
				CLANG_WARN_SUSPICIOUS_MOVE = YES;
				CLANG_WARN_UNGUARDED_AVAILABILITY = YES_AGGRESSIVE;
				CLANG_WARN_UNREACHABLE_CODE = YES;
				CLANG_WARN__DUPLICATE_METHOD_MATCH = YES;
				COPY_PHASE_STRIP = NO;
				DEBUG_INFORMATION_FORMAT = "dwarf-with-dsym";
				ENABLE_NS_ASSERTIONS = NO;
				ENABLE_STRICT_OBJC_MSGSEND = YES;
				ENABLE_USER_SCRIPT_SANDBOXING = YES;
				GCC_C_LANGUAGE_STANDARD = gnu17;
				GCC_NO_COMMON_BLOCKS = YES;
				GCC_WARN_64_TO_32_BIT_CONVERSION = YES;
				GCC_WARN_ABOUT_RETURN_TYPE = YES_ERROR;
				GCC_WARN_UNDECLARED_SELECTOR = YES;
				GCC_WARN_UNINITIALIZED_AUTOS = YES_AGGRESSIVE;
				GCC_WARN_UNUSED_FUNCTION = YES;
				GCC_WARN_UNUSED_VARIABLE = YES;
				IPHONEOS_DEPLOYMENT_TARGET = 17.5;
				LOCALIZATION_PREFERS_STRING_CATALOGS = YES;
				MTL_ENABLE_DEBUG_INFO = NO;
				MTL_FAST_MATH = YES;
				SDKROOT = iphoneos;
				SWIFT_COMPILATION_MODE = wholemodule;
				VALIDATE_PRODUCT = YES;
			};
			name = Release;
		};
		6B31C8672C192209009BE09C /* Debug */ = {
			isa = XCBuildConfiguration;
			buildSettings = {
				ASSETCATALOG_COMPILER_APPICON_NAME = AppIcon;
				ASSETCATALOG_COMPILER_GLOBAL_ACCENT_COLOR_NAME = AccentColor;
				CODE_SIGN_STYLE = Automatic;
				CURRENT_PROJECT_VERSION = 1;
				DEVELOPMENT_ASSET_PATHS = "\"Appetizers/Preview Content\"";
				DEVELOPMENT_TEAM = MY6C9CN9TM;
				ENABLE_PREVIEWS = YES;
				GENERATE_INFOPLIST_FILE = YES;
				INFOPLIST_KEY_UIApplicationSceneManifest_Generation = YES;
				INFOPLIST_KEY_UIApplicationSupportsIndirectInputEvents = YES;
				INFOPLIST_KEY_UILaunchScreen_Generation = YES;
				INFOPLIST_KEY_UISupportedInterfaceOrientations_iPad = "UIInterfaceOrientationPortrait UIInterfaceOrientationPortraitUpsideDown UIInterfaceOrientationLandscapeLeft UIInterfaceOrientationLandscapeRight";
				INFOPLIST_KEY_UISupportedInterfaceOrientations_iPhone = "UIInterfaceOrientationPortrait UIInterfaceOrientationLandscapeLeft UIInterfaceOrientationLandscapeRight";
				LD_RUNPATH_SEARCH_PATHS = (
					"$(inherited)",
					"@executable_path/Frameworks",
				);
				MARKETING_VERSION = 1.0;
				PRODUCT_BUNDLE_IDENTIFIER = com.jhyun.Appetizers;
				PRODUCT_NAME = "$(TARGET_NAME)";
				SWIFT_EMIT_LOC_STRINGS = YES;
				SWIFT_VERSION = 5.0;
				TARGETED_DEVICE_FAMILY = "1,2";
			};
			name = Debug;
		};
		6B31C8682C192209009BE09C /* Release */ = {
			isa = XCBuildConfiguration;
			buildSettings = {
				ASSETCATALOG_COMPILER_APPICON_NAME = AppIcon;
				ASSETCATALOG_COMPILER_GLOBAL_ACCENT_COLOR_NAME = AccentColor;
				CODE_SIGN_STYLE = Automatic;
				CURRENT_PROJECT_VERSION = 1;
				DEVELOPMENT_ASSET_PATHS = "\"Appetizers/Preview Content\"";
				DEVELOPMENT_TEAM = MY6C9CN9TM;
				ENABLE_PREVIEWS = YES;
				GENERATE_INFOPLIST_FILE = YES;
				INFOPLIST_KEY_UIApplicationSceneManifest_Generation = YES;
				INFOPLIST_KEY_UIApplicationSupportsIndirectInputEvents = YES;
				INFOPLIST_KEY_UILaunchScreen_Generation = YES;
				INFOPLIST_KEY_UISupportedInterfaceOrientations_iPad = "UIInterfaceOrientationPortrait UIInterfaceOrientationPortraitUpsideDown UIInterfaceOrientationLandscapeLeft UIInterfaceOrientationLandscapeRight";
				INFOPLIST_KEY_UISupportedInterfaceOrientations_iPhone = "UIInterfaceOrientationPortrait UIInterfaceOrientationLandscapeLeft UIInterfaceOrientationLandscapeRight";
				LD_RUNPATH_SEARCH_PATHS = (
					"$(inherited)",
					"@executable_path/Frameworks",
				);
				MARKETING_VERSION = 1.0;
				PRODUCT_BUNDLE_IDENTIFIER = com.jhyun.Appetizers;
				PRODUCT_NAME = "$(TARGET_NAME)";
				SWIFT_EMIT_LOC_STRINGS = YES;
				SWIFT_VERSION = 5.0;
				TARGETED_DEVICE_FAMILY = "1,2";
			};
			name = Release;
		};
/* End XCBuildConfiguration section */

/* Begin XCConfigurationList section */
		6B31C8532C192208009BE09C /* Build configuration list for PBXProject "Appetizers" */ = {
			isa = XCConfigurationList;
			buildConfigurations = (
				6B31C8642C192209009BE09C /* Debug */,
				6B31C8652C192209009BE09C /* Release */,
			);
			defaultConfigurationIsVisible = 0;
			defaultConfigurationName = Release;
		};
		6B31C8662C192209009BE09C /* Build configuration list for PBXNativeTarget "Appetizers" */ = {
			isa = XCConfigurationList;
			buildConfigurations = (
				6B31C8672C192209009BE09C /* Debug */,
				6B31C8682C192209009BE09C /* Release */,
			);
			defaultConfigurationIsVisible = 0;
			defaultConfigurationName = Release;
		};
/* End XCConfigurationList section */
	};
	rootObject = 6B31C8502C192208009BE09C /* Project object */;
}
